{
  "name": "nicolasdumetz.fr",
  "lockfileVersion": 3,
  "requires": true,
  "packages": {
    "": {
      "dependencies": {
        "three": "^0.160.1",
        "three-orbitcontrols": "^2.110.3"
      }
    },
    "node_modules/three": {
      "version": "0.160.1",
      "resolved": "https://registry.npmjs.org/three/-/three-0.160.1.tgz",
      "integrity": "sha512-Bgl2wPJypDOZ1stAxwfWAcJ0WQf7QzlptsxkjYiURPz+n5k4RBDLsq+6f9Y75TYxn6aHLcWz+JNmwTOXWrQTBQ=="
    },
    "node_modules/three-orbitcontrols": {
      "version": "2.110.3",
      "resolved": "https://registry.npmjs.org/three-orbitcontrols/-/three-orbitcontrols-2.110.3.tgz",
      "integrity": "sha512-BNNbksJwbN3/MmT0X/gjz5ZCchm7bjk26SUdtJYRxfEYjDfkb/0PeUTHE/KuyJ5vb/owK3mojyy3vcqDx99sRA==",
      "deprecated": "three-js exposes real modules now via three/examples/jsm/...\nfor example to import Orbit, do\nimport { OrbitControls } from 'three/examples/jsm/controls/OrbitControls'\n",
      "peerDependencies": {
        "three": ">= 0.110.0"
      }
    }
  }
}
